{
  "requires": true,
  "lockfileVersion": 1,
  "dependencies": {
    "angular-animate": {
      "version": "1.7.9",
      "resolved": "https://registry.npmjs.org/angular-animate/-/angular-animate-1.7.9.tgz",
      "integrity": "sha512-fV+AISy/HTzurQH2ngsJg+lLIvfu0ahc1h4AYKauaXVw97rZc2k4iUA1bMstiEyClsdayQX568kjQc1NK+oYhw=="
    },
    "angular-aria": {
      "version": "1.7.9",
      "resolved": "https://registry.npmjs.org/angular-aria/-/angular-aria-1.7.9.tgz",
      "integrity": "sha512-luI3Jemd1AbOQW0krdzfEG3fM0IFtLY0bSSqIDEx3POE0XjKIC1MkrO8Csyq9PPgueLphyAPofzUwZ8YeZ88SA=="
    },
    "angular-material": {
      "version": "1.1.20",
      "resolved": "https://registry.npmjs.org/angular-material/-/angular-material-1.1.20.tgz",
      "integrity": "sha512-R2jILX9g7AVvEZbIMqEp8mkjlH/iSrDG150pCSzL7+6PHdi4dYuyXNRtYlpYKe+72Q4fIV4YBYSxepNob3hU9A=="
    },
    "angular-messages": {
      "version": "1.7.9",
      "resolved": "https://registry.npmjs.org/angular-messages/-/angular-messages-1.7.9.tgz",
      "integrity": "sha512-OdJihuO6AW+m1/r9OdW5riCwacn3dL1agQvgu6Cww3a7OARXXN0vxOpsZCNk4yg4CuD7Et3tiz4DymhvZkydvw=="
    },
    "angular-resource": {
      "version": "1.7.9",
      "resolved": "https://registry.npmjs.org/angular-resource/-/angular-resource-1.7.9.tgz",
      "integrity": "sha512-rXXhCE2qT31Pn4Sl+2XL+ntv4zxnA2OzY+clCl8/pOp/s/gIzxpQlEtXipo3QK8Qur3glbIkeF/bJw+gjVAdUw=="
    },
    "angular-route": {
      "version": "1.7.9",
      "resolved": "https://registry.npmjs.org/angular-route/-/angular-route-1.7.9.tgz",
      "integrity": "sha512-vRoj5hzdQtWbODhWJqDzD1iNOEfCKshO6GFBuPVV7RHlPjzIc4R2dHCc7Qiv/8F3LDxJDohc6vSnTDMLHuaqeA=="
    }
  }
}
